
Microsoft Visual Studio Solution File, Format Version 12.00
# Visual Studio Version 17
VisualStudioVersion = 17.10.35013.160
MinimumVisualStudioVersion = 10.0.40219.1
Project("{9A19103F-16F7-4668-BE54-9A1E7A4F7556}") = "SilverPE_API", "SilverPE_API\SilverPE_API.csproj", "{431A3013-0E18-4281-BCA3-A56563A898E9}"
EndProject
Project("{9A19103F-16F7-4668-BE54-9A1E7A4F7556}") = "SilverPE_BusinessObject", "SilverPE_BusinessObject\SilverPE_BusinessObject.csproj", "{3110211B-FA45-42C3-9706-125B6A36C409}"
EndProject
Project("{9A19103F-16F7-4668-BE54-9A1E7A4F7556}") = "SilverPE_DAO", "SilverPE_DAO\SilverPE_DAO.csproj", "{79A8587D-0960-43AA-BEDE-16000D93E12E}"
EndProject
Project("{9A19103F-16F7-4668-BE54-9A1E7A4F7556}") = "SilverPE_Repository", "SilverPE_Repository\SilverPE_Repository.csproj", "{7242DF67-AB77-41C5-9524-FCEF3A9166C4}"
EndProject
Project("{FAE04EC0-301F-11D3-BF4B-00C04F79EFBC}") = "SilverRazorPage", "SilverRazorPage\SilverRazorPage.csproj", "{41C3BB96-B290-4BB5-A6BC-CFF76D2A6418}"
EndProject
Global
	GlobalSection(SolutionConfigurationPlatforms) = preSolution
		Debug|Any CPU = Debug|Any CPU
		Release|Any CPU = Release|Any CPU
	EndGlobalSection
	GlobalSection(ProjectConfigurationPlatforms) = postSolution
		{431A3013-0E18-4281-BCA3-A56563A898E9}.Debug|Any CPU.ActiveCfg = Debug|Any CPU
		{431A3013-0E18-4281-BCA3-A56563A898E9}.Debug|Any CPU.Build.0 = Debug|Any CPU
		{431A3013-0E18-4281-BCA3-A56563A898E9}.Release|Any CPU.ActiveCfg = Release|Any CPU
		{431A3013-0E18-4281-BCA3-A56563A898E9}.Release|Any CPU.Build.0 = Release|Any CPU
		{3110211B-FA45-42C3-9706-125B6A36C409}.Debug|Any CPU.ActiveCfg = Debug|Any CPU
		{3110211B-FA45-42C3-9706-125B6A36C409}.Debug|Any CPU.Build.0 = Debug|Any CPU
		{3110211B-FA45-42C3-9706-125B6A36C409}.Release|Any CPU.ActiveCfg = Release|Any CPU
		{3110211B-FA45-42C3-9706-125B6A36C409}.Release|Any CPU.Build.0 = Release|Any CPU
		{79A8587D-0960-43AA-BEDE-16000D93E12E}.Debug|Any CPU.ActiveCfg = Debug|Any CPU
		{79A8587D-0960-43AA-BEDE-16000D93E12E}.Debug|Any CPU.Build.0 = Debug|Any CPU
		{79A8587D-0960-43AA-BEDE-16000D93E12E}.Release|Any CPU.ActiveCfg = Release|Any CPU
		{79A8587D-0960-43AA-BEDE-16000D93E12E}.Release|Any CPU.Build.0 = Release|Any CPU
		{7242DF67-AB77-41C5-9524-FCEF3A9166C4}.Debug|Any CPU.ActiveCfg = Debug|Any CPU
		{7242DF67-AB77-41C5-9524-FCEF3A9166C4}.Debug|Any CPU.Build.0 = Debug|Any CPU
		{7242DF67-AB77-41C5-9524-FCEF3A9166C4}.Release|Any CPU.ActiveCfg = Release|Any CPU
		{7242DF67-AB77-41C5-9524-FCEF3A9166C4}.Release|Any CPU.Build.0 = Release|Any CPU
		{41C3BB96-B290-4BB5-A6BC-CFF76D2A6418}.Debug|Any CPU.ActiveCfg = Debug|Any CPU
		{41C3BB96-B290-4BB5-A6BC-CFF76D2A6418}.Debug|Any CPU.Build.0 = Debug|Any CPU
		{41C3BB96-B290-4BB5-A6BC-CFF76D2A6418}.Release|Any CPU.ActiveCfg = Release|Any CPU
		{41C3BB96-B290-4BB5-A6BC-CFF76D2A6418}.Release|Any CPU.Build.0 = Release|Any CPU
	EndGlobalSection
	GlobalSection(SolutionProperties) = preSolution
		HideSolutionNode = FALSE
	EndGlobalSection
	GlobalSection(ExtensibilityGlobals) = postSolution
		SolutionGuid = {E2E1389B-3450-47A2-B762-89EA43602B97}
	EndGlobalSection
EndGlobal
